
Microsoft Visual Studio Solution File, Format Version 12.00
# Visual Studio 15
VisualStudioVersion = 15.0.28307.271
MinimumVisualStudioVersion = 10.0.40219.1
Project("{FAE04EC0-301F-11D3-BF4B-00C04F79EFBC}") = "RandomExercise", "RandomExercise\RandomExercise.csproj", "{85A48EEE-384F-48E6-A54B-59D13107C0EB}"
EndProject
Global
	GlobalSection(SolutionConfigurationPlatforms) = preSolution
		Debug|Any CPU = Debug|Any CPU
		Release|Any CPU = Release|Any CPU
	EndGlobalSection
	GlobalSection(ProjectConfigurationPlatforms) = postSolution
		{85A48EEE-384F-48E6-A54B-59D13107C0EB}.Debug|Any CPU.ActiveCfg = Debug|Any CPU
		{85A48EEE-384F-48E6-A54B-59D13107C0EB}.Debug|Any CPU.Build.0 = Debug|Any CPU
		{85A48EEE-384F-48E6-A54B-59D13107C0EB}.Release|Any CPU.ActiveCfg = Release|Any CPU
		{85A48EEE-384F-48E6-A54B-59D13107C0EB}.Release|Any CPU.Build.0 = Release|Any CPU
	EndGlobalSection
	GlobalSection(SolutionProperties) = preSolution
		HideSolutionNode = FALSE
	EndGlobalSection
	GlobalSection(ExtensibilityGlobals) = postSolution
		SolutionGuid = {014B7CAA-15CF-4EAA-A12B-F85B5386517D}
	EndGlobalSection
EndGlobal
